
Microsoft Visual Studio Solution File, Format Version 12.00
# Visual Studio Version 17
VisualStudioVersion = 17.14.36414.22 d17.14
MinimumVisualStudioVersion = 10.0.40219.1
Project("{FAE04EC0-301F-11D3-BF4B-00C04F79EFBC}") = "RoomFlow", "RoomFlow\RoomFlow.csproj", "{645DD66C-3798-42AD-BDE0-075A3C4934F1}"
EndProject
Global
	GlobalSection(SolutionConfigurationPlatforms) = preSolution
		Debug|Any CPU = Debug|Any CPU
		Release|Any CPU = Release|Any CPU
	EndGlobalSection
	GlobalSection(ProjectConfigurationPlatforms) = postSolution
		{645DD66C-3798-42AD-BDE0-075A3C4934F1}.Debug|Any CPU.ActiveCfg = Debug|Any CPU
		{645DD66C-3798-42AD-BDE0-075A3C4934F1}.Debug|Any CPU.Build.0 = Debug|Any CPU
		{645DD66C-3798-42AD-BDE0-075A3C4934F1}.Release|Any CPU.ActiveCfg = Release|Any CPU
		{645DD66C-3798-42AD-BDE0-075A3C4934F1}.Release|Any CPU.Build.0 = Release|Any CPU
	EndGlobalSection
	GlobalSection(SolutionProperties) = preSolution
		HideSolutionNode = FALSE
	EndGlobalSection
	GlobalSection(ExtensibilityGlobals) = postSolution
		SolutionGuid = {61F7E960-D621-4702-B2D3-AD2204A2CE6F}
	EndGlobalSection
EndGlobal
